// !$*UTF8*$!
{
	archiveVersion = 1;
	classes = {
	};
	objectVersion = 55;
	objects = {

/* Begin PBXBuildFile section */
		2AFF769F286C872C005F88AF /* AppDelegate.swift in Sources */ = {isa = PBXBuildFile; fileRef = 2AFF769E286C872C005F88AF /* AppDelegate.swift */; };
		2AFF76A1286C872C005F88AF /* SceneDelegate.swift in Sources */ = {isa = PBXBuildFile; fileRef = 2AFF76A0286C872C005F88AF /* SceneDelegate.swift */; };
		2AFF76A3286C872C005F88AF /* HomeViewController.swift in Sources */ = {isa = PBXBuildFile; fileRef = 2AFF76A2286C872C005F88AF /* HomeViewController.swift */; };
		2AFF76A6286C872C005F88AF /* Main.storyboard in Resources */ = {isa = PBXBuildFile; fileRef = 2AFF76A4286C872C005F88AF /* Main.storyboard */; };
		2AFF76A8286C872D005F88AF /* Assets.xcassets in Resources */ = {isa = PBXBuildFile; fileRef = 2AFF76A7286C872D005F88AF /* Assets.xcassets */; };
		2AFF76AB286C872D005F88AF /* LaunchScreen.storyboard in Resources */ = {isa = PBXBuildFile; fileRef = 2AFF76A9286C872D005F88AF /* LaunchScreen.storyboard */; };
		2AFF76B8286C8A23005F88AF /* ExploreViewController.swift in Sources */ = {isa = PBXBuildFile; fileRef = 2AFF76B7286C8A23005F88AF /* ExploreViewController.swift */; };
		2AFF76BA286C8A34005F88AF /* CameraViewController.swift in Sources */ = {isa = PBXBuildFile; fileRef = 2AFF76B9286C8A34005F88AF /* CameraViewController.swift */; };
		2AFF76BC286C8A47005F88AF /* NotificationsViewController.swift in Sources */ = {isa = PBXBuildFile; fileRef = 2AFF76BB286C8A47005F88AF /* NotificationsViewController.swift */; };
		2AFF76BE286C8A53005F88AF /* ProfileViewController.swift in Sources */ = {isa = PBXBuildFile; fileRef = 2AFF76BD286C8A53005F88AF /* ProfileViewController.swift */; };
		2AFF76C3286C8AA6005F88AF /* LoginViewController.swift in Sources */ = {isa = PBXBuildFile; fileRef = 2AFF76C2286C8AA6005F88AF /* LoginViewController.swift */; };
		2AFF76C5286C8AAE005F88AF /* RegistrationViewController.swift in Sources */ = {isa = PBXBuildFile; fileRef = 2AFF76C4286C8AAE005F88AF /* RegistrationViewController.swift */; };
		2AFF76C7286C8AC1005F88AF /* PostViewController.swift in Sources */ = {isa = PBXBuildFile; fileRef = 2AFF76C6286C8AC1005F88AF /* PostViewController.swift */; };
		2AFF76C9286C8AE6005F88AF /* EditProfileViewController.swift in Sources */ = {isa = PBXBuildFile; fileRef = 2AFF76C8286C8AE6005F88AF /* EditProfileViewController.swift */; };
		2AFF76CB286C8AF7005F88AF /* SettingsViewController.swift in Sources */ = {isa = PBXBuildFile; fileRef = 2AFF76CA286C8AF7005F88AF /* SettingsViewController.swift */; };
		2AFF76CD286C8B01005F88AF /* ListViewController.swift in Sources */ = {isa = PBXBuildFile; fileRef = 2AFF76CC286C8B01005F88AF /* ListViewController.swift */; };
		2AFF76CF286C8B18005F88AF /* SearchViewController.swift in Sources */ = {isa = PBXBuildFile; fileRef = 2AFF76CE286C8B18005F88AF /* SearchViewController.swift */; };
		2AFF76D1286C8B25005F88AF /* SearchResultViewController.swift in Sources */ = {isa = PBXBuildFile; fileRef = 2AFF76D0286C8B25005F88AF /* SearchResultViewController.swift */; };
		2AFF76D3286C8B4C005F88AF /* PostEditorViewController.swift in Sources */ = {isa = PBXBuildFile; fileRef = 2AFF76D2286C8B4C005F88AF /* PostEditorViewController.swift */; };
		2AFF76D5286C8B62005F88AF /* PublishPostViewController.swift in Sources */ = {isa = PBXBuildFile; fileRef = 2AFF76D4286C8B62005F88AF /* PublishPostViewController.swift */; };
		2FD6425CF6D02CE4011F7C30 /* Pods_InstagramClone.framework in Frameworks */ = {isa = PBXBuildFile; fileRef = 8171A0A084A72B6615AA10A5 /* Pods_InstagramClone.framework */; };
/* End PBXBuildFile section */

/* Begin PBXFileReference section */
		2AFF769B286C872C005F88AF /* InstagramClone.app */ = {isa = PBXFileReference; explicitFileType = wrapper.application; includeInIndex = 0; path = InstagramClone.app; sourceTree = BUILT_PRODUCTS_DIR; };
		2AFF769E286C872C005F88AF /* AppDelegate.swift */ = {isa = PBXFileReference; lastKnownFileType = sourcecode.swift; path = AppDelegate.swift; sourceTree = "<group>"; };
		2AFF76A0286C872C005F88AF /* SceneDelegate.swift */ = {isa = PBXFileReference; lastKnownFileType = sourcecode.swift; path = SceneDelegate.swift; sourceTree = "<group>"; };
		2AFF76A2286C872C005F88AF /* HomeViewController.swift */ = {isa = PBXFileReference; lastKnownFileType = sourcecode.swift; path = HomeViewController.swift; sourceTree = "<group>"; };
		2AFF76A5286C872C005F88AF /* Base */ = {isa = PBXFileReference; lastKnownFileType = file.storyboard; name = Base; path = Base.lproj/Main.storyboard; sourceTree = "<group>"; };
		2AFF76A7286C872D005F88AF /* Assets.xcassets */ = {isa = PBXFileReference; lastKnownFileType = folder.assetcatalog; path = Assets.xcassets; sourceTree = "<group>"; };
		2AFF76AA286C872D005F88AF /* Base */ = {isa = PBXFileReference; lastKnownFileType = file.storyboard; name = Base; path = Base.lproj/LaunchScreen.storyboard; sourceTree = "<group>"; };
		2AFF76AC286C872D005F88AF /* Info.plist */ = {isa = PBXFileReference; lastKnownFileType = text.plist.xml; path = Info.plist; sourceTree = "<group>"; };
		2AFF76B7286C8A23005F88AF /* ExploreViewController.swift */ = {isa = PBXFileReference; lastKnownFileType = sourcecode.swift; path = ExploreViewController.swift; sourceTree = "<group>"; };
		2AFF76B9286C8A34005F88AF /* CameraViewController.swift */ = {isa = PBXFileReference; lastKnownFileType = sourcecode.swift; path = CameraViewController.swift; sourceTree = "<group>"; };
		2AFF76BB286C8A47005F88AF /* NotificationsViewController.swift */ = {isa = PBXFileReference; lastKnownFileType = sourcecode.swift; path = NotificationsViewController.swift; sourceTree = "<group>"; };
		2AFF76BD286C8A53005F88AF /* ProfileViewController.swift */ = {isa = PBXFileReference; lastKnownFileType = sourcecode.swift; path = ProfileViewController.swift; sourceTree = "<group>"; };
		2AFF76C2286C8AA6005F88AF /* LoginViewController.swift */ = {isa = PBXFileReference; lastKnownFileType = sourcecode.swift; path = LoginViewController.swift; sourceTree = "<group>"; };
		2AFF76C4286C8AAE005F88AF /* RegistrationViewController.swift */ = {isa = PBXFileReference; lastKnownFileType = sourcecode.swift; path = RegistrationViewController.swift; sourceTree = "<group>"; };
		2AFF76C6286C8AC1005F88AF /* PostViewController.swift */ = {isa = PBXFileReference; lastKnownFileType = sourcecode.swift; path = PostViewController.swift; sourceTree = "<group>"; };
		2AFF76C8286C8AE6005F88AF /* EditProfileViewController.swift */ = {isa = PBXFileReference; lastKnownFileType = sourcecode.swift; path = EditProfileViewController.swift; sourceTree = "<group>"; };
		2AFF76CA286C8AF7005F88AF /* SettingsViewController.swift */ = {isa = PBXFileReference; lastKnownFileType = sourcecode.swift; path = SettingsViewController.swift; sourceTree = "<group>"; };
		2AFF76CC286C8B01005F88AF /* ListViewController.swift */ = {isa = PBXFileReference; lastKnownFileType = sourcecode.swift; path = ListViewController.swift; sourceTree = "<group>"; };
		2AFF76CE286C8B18005F88AF /* SearchViewController.swift */ = {isa = PBXFileReference; lastKnownFileType = sourcecode.swift; path = SearchViewController.swift; sourceTree = "<group>"; };
		2AFF76D0286C8B25005F88AF /* SearchResultViewController.swift */ = {isa = PBXFileReference; lastKnownFileType = sourcecode.swift; path = SearchResultViewController.swift; sourceTree = "<group>"; };
		2AFF76D2286C8B4C005F88AF /* PostEditorViewController.swift */ = {isa = PBXFileReference; lastKnownFileType = sourcecode.swift; path = PostEditorViewController.swift; sourceTree = "<group>"; };
		2AFF76D4286C8B62005F88AF /* PublishPostViewController.swift */ = {isa = PBXFileReference; lastKnownFileType = sourcecode.swift; path = PublishPostViewController.swift; sourceTree = "<group>"; };
		3F8A8D215A84B831914725FE /* Pods-InstagramClone.debug.xcconfig */ = {isa = PBXFileReference; includeInIndex = 1; lastKnownFileType = text.xcconfig; name = "Pods-InstagramClone.debug.xcconfig"; path = "Target Support Files/Pods-InstagramClone/Pods-InstagramClone.debug.xcconfig"; sourceTree = "<group>"; };
		8171A0A084A72B6615AA10A5 /* Pods_InstagramClone.framework */ = {isa = PBXFileReference; explicitFileType = wrapper.framework; includeInIndex = 0; path = Pods_InstagramClone.framework; sourceTree = BUILT_PRODUCTS_DIR; };
		A330FBAB59DE441D3DEE867E /* Pods-InstagramClone.release.xcconfig */ = {isa = PBXFileReference; includeInIndex = 1; lastKnownFileType = text.xcconfig; name = "Pods-InstagramClone.release.xcconfig"; path = "Target Support Files/Pods-InstagramClone/Pods-InstagramClone.release.xcconfig"; sourceTree = "<group>"; };
/* End PBXFileReference section */

/* Begin PBXFrameworksBuildPhase section */
		2AFF7698286C872C005F88AF /* Frameworks */ = {
			isa = PBXFrameworksBuildPhase;
			buildActionMask = 2147483647;
			files = (
				2FD6425CF6D02CE4011F7C30 /* Pods_InstagramClone.framework in Frameworks */,
			);
			runOnlyForDeploymentPostprocessing = 0;
		};
/* End PBXFrameworksBuildPhase section */

/* Begin PBXGroup section */
		11B66F457F856BCF7A30E44D /* Frameworks */ = {
			isa = PBXGroup;
			children = (
				8171A0A084A72B6615AA10A5 /* Pods_InstagramClone.framework */,
			);
			name = Frameworks;
			sourceTree = "<group>";
		};
		2AFF7692286C872C005F88AF = {
			isa = PBXGroup;
			children = (
				2AFF769D286C872C005F88AF /* InstagramClone */,
				2AFF769C286C872C005F88AF /* Products */,
				E37342BB4610B3AC52E898F6 /* Pods */,
				11B66F457F856BCF7A30E44D /* Frameworks */,
			);
			sourceTree = "<group>";
		};
		2AFF769C286C872C005F88AF /* Products */ = {
			isa = PBXGroup;
			children = (
				2AFF769B286C872C005F88AF /* InstagramClone.app */,
			);
			name = Products;
			sourceTree = "<group>";
		};
		2AFF769D286C872C005F88AF /* InstagramClone */ = {
			isa = PBXGroup;
			children = (
				2AFF76B4286C8984005F88AF /* Resources */,
				2AFF76B5286C8989005F88AF /* Models */,
				2AFF76B3286C897D005F88AF /* Views */,
				2AFF76B2286C8970005F88AF /* Controllers */,
				2AFF76AC286C872D005F88AF /* Info.plist */,
			);
			path = InstagramClone;
			sourceTree = "<group>";
		};
		2AFF76B2286C8970005F88AF /* Controllers */ = {
			isa = PBXGroup;
			children = (
				2AFF76C0286C8A8B005F88AF /* Other */,
				2AFF76BF286C8A5D005F88AF /* Core Tabs */,
			);
			path = Controllers;
			sourceTree = "<group>";
		};
		2AFF76B3286C897D005F88AF /* Views */ = {
			isa = PBXGroup;
			children = (
				2AFF76A7286C872D005F88AF /* Assets.xcassets */,
				2AFF76B6286C89A8005F88AF /* Storyboards */,
			);
			path = Views;
			sourceTree = "<group>";
		};
		2AFF76B4286C8984005F88AF /* Resources */ = {
			isa = PBXGroup;
			children = (
				2AFF769E286C872C005F88AF /* AppDelegate.swift */,
				2AFF76A0286C872C005F88AF /* SceneDelegate.swift */,
			);
			path = Resources;
			sourceTree = "<group>";
		};
		2AFF76B5286C8989005F88AF /* Models */ = {
			isa = PBXGroup;
			children = (
			);
			path = Models;
			sourceTree = "<group>";
		};
		2AFF76B6286C89A8005F88AF /* Storyboards */ = {
			isa = PBXGroup;
			children = (
				2AFF76A4286C872C005F88AF /* Main.storyboard */,
				2AFF76A9286C872D005F88AF /* LaunchScreen.storyboard */,
			);
			path = Storyboards;
			sourceTree = "<group>";
		};
		2AFF76BF286C8A5D005F88AF /* Core Tabs */ = {
			isa = PBXGroup;
			children = (
				2AFF76A2286C872C005F88AF /* HomeViewController.swift */,
				2AFF76B7286C8A23005F88AF /* ExploreViewController.swift */,
				2AFF76B9286C8A34005F88AF /* CameraViewController.swift */,
				2AFF76BB286C8A47005F88AF /* NotificationsViewController.swift */,
				2AFF76BD286C8A53005F88AF /* ProfileViewController.swift */,
			);
			path = "Core Tabs";
			sourceTree = "<group>";
		};
		2AFF76C0286C8A8B005F88AF /* Other */ = {
			isa = PBXGroup;
			children = (
				2AFF76C1286C8A90005F88AF /* Onboarding */,
				2AFF76C6286C8AC1005F88AF /* PostViewController.swift */,
				2AFF76CA286C8AF7005F88AF /* SettingsViewController.swift */,
				2AFF76D0286C8B25005F88AF /* SearchResultViewController.swift */,
				2AFF76CC286C8B01005F88AF /* ListViewController.swift */,
				2AFF76C8286C8AE6005F88AF /* EditProfileViewController.swift */,
				2AFF76CE286C8B18005F88AF /* SearchViewController.swift */,
				2AFF76D4286C8B62005F88AF /* PublishPostViewController.swift */,
				2AFF76D2286C8B4C005F88AF /* PostEditorViewController.swift */,
			);
			path = Other;
			sourceTree = "<group>";
		};
		2AFF76C1286C8A90005F88AF /* Onboarding */ = {
			isa = PBXGroup;
			children = (
				2AFF76C2286C8AA6005F88AF /* LoginViewController.swift */,
				2AFF76C4286C8AAE005F88AF /* RegistrationViewController.swift */,
			);
			path = Onboarding;
			sourceTree = "<group>";
		};
		E37342BB4610B3AC52E898F6 /* Pods */ = {
			isa = PBXGroup;
			children = (
				3F8A8D215A84B831914725FE /* Pods-InstagramClone.debug.xcconfig */,
				A330FBAB59DE441D3DEE867E /* Pods-InstagramClone.release.xcconfig */,
			);
			name = Pods;
			path = Pods;
			sourceTree = "<group>";
		};
/* End PBXGroup section */

/* Begin PBXNativeTarget section */
		2AFF769A286C872C005F88AF /* InstagramClone */ = {
			isa = PBXNativeTarget;
			buildConfigurationList = 2AFF76AF286C872D005F88AF /* Build configuration list for PBXNativeTarget "InstagramClone" */;
			buildPhases = (
				19F3FB602731D178ACB2EBAD /* [CP] Check Pods Manifest.lock */,
				2AFF7697286C872C005F88AF /* Sources */,
				2AFF7698286C872C005F88AF /* Frameworks */,
				2AFF7699286C872C005F88AF /* Resources */,
				9EE2492ADF149A1FB1F1BBA7 /* [CP] Embed Pods Frameworks */,
			);
			buildRules = (
			);
			dependencies = (
			);
			name = InstagramClone;
			productName = InstagramClone;
			productReference = 2AFF769B286C872C005F88AF /* InstagramClone.app */;
			productType = "com.apple.product-type.application";
		};
/* End PBXNativeTarget section */

/* Begin PBXProject section */
		2AFF7693286C872C005F88AF /* Project object */ = {
			isa = PBXProject;
			attributes = {
				BuildIndependentTargetsInParallel = 1;
				LastSwiftUpdateCheck = 1340;
				LastUpgradeCheck = 1340;
				TargetAttributes = {
					2AFF769A286C872C005F88AF = {
						CreatedOnToolsVersion = 13.4.1;
					};
				};
			};
			buildConfigurationList = 2AFF7696286C872C005F88AF /* Build configuration list for PBXProject "InstagramClone" */;
			compatibilityVersion = "Xcode 13.0";
			developmentRegion = en;
			hasScannedForEncodings = 0;
			knownRegions = (
				en,
				Base,
			);
			mainGroup = 2AFF7692286C872C005F88AF;
			productRefGroup = 2AFF769C286C872C005F88AF /* Products */;
			projectDirPath = "";
			projectRoot = "";
			targets = (
				2AFF769A286C872C005F88AF /* InstagramClone */,
			);
		};
/* End PBXProject section */

/* Begin PBXResourcesBuildPhase section */
		2AFF7699286C872C005F88AF /* Resources */ = {
			isa = PBXResourcesBuildPhase;
			buildActionMask = 2147483647;
			files = (
				2AFF76AB286C872D005F88AF /* LaunchScreen.storyboard in Resources */,
				2AFF76A8286C872D005F88AF /* Assets.xcassets in Resources */,
				2AFF76A6286C872C005F88AF /* Main.storyboard in Resources */,
			);
			runOnlyForDeploymentPostprocessing = 0;
		};
/* End PBXResourcesBuildPhase section */

/* Begin PBXShellScriptBuildPhase section */
		19F3FB602731D178ACB2EBAD /* [CP] Check Pods Manifest.lock */ = {
			isa = PBXShellScriptBuildPhase;
			buildActionMask = 2147483647;
			files = (
			);
			inputFileListPaths = (
			);
			inputPaths = (
				"${PODS_PODFILE_DIR_PATH}/Podfile.lock",
				"${PODS_ROOT}/Manifest.lock",
			);
			name = "[CP] Check Pods Manifest.lock";
			outputFileListPaths = (
			);
			outputPaths = (
				"$(DERIVED_FILE_DIR)/Pods-InstagramClone-checkManifestLockResult.txt",
			);
			runOnlyForDeploymentPostprocessing = 0;
			shellPath = /bin/sh;
			shellScript = "diff \"${PODS_PODFILE_DIR_PATH}/Podfile.lock\" \"${PODS_ROOT}/Manifest.lock\" > /dev/null\nif [ $? != 0 ] ; then\n    # print error to STDERR\n    echo \"error: The sandbox is not in sync with the Podfile.lock. Run 'pod install' or update your CocoaPods installation.\" >&2\n    exit 1\nfi\n# This output is used by Xcode 'outputs' to avoid re-running this script phase.\necho \"SUCCESS\" > \"${SCRIPT_OUTPUT_FILE_0}\"\n";
			showEnvVarsInLog = 0;
		};
		9EE2492ADF149A1FB1F1BBA7 /* [CP] Embed Pods Frameworks */ = {
			isa = PBXShellScriptBuildPhase;
			buildActionMask = 2147483647;
			files = (
			);
			inputFileListPaths = (
				"${PODS_ROOT}/Target Support Files/Pods-InstagramClone/Pods-InstagramClone-frameworks-${CONFIGURATION}-input-files.xcfilelist",
			);
			name = "[CP] Embed Pods Frameworks";
			outputFileListPaths = (
				"${PODS_ROOT}/Target Support Files/Pods-InstagramClone/Pods-InstagramClone-frameworks-${CONFIGURATION}-output-files.xcfilelist",
			);
			runOnlyForDeploymentPostprocessing = 0;
			shellPath = /bin/sh;
			shellScript = "\"${PODS_ROOT}/Target Support Files/Pods-InstagramClone/Pods-InstagramClone-frameworks.sh\"\n";
			showEnvVarsInLog = 0;
		};
/* End PBXShellScriptBuildPhase section */

/* Begin PBXSourcesBuildPhase section */
		2AFF7697286C872C005F88AF /* Sources */ = {
			isa = PBXSourcesBuildPhase;
			buildActionMask = 2147483647;
			files = (
				2AFF76C9286C8AE6005F88AF /* EditProfileViewController.swift in Sources */,
				2AFF76B8286C8A23005F88AF /* ExploreViewController.swift in Sources */,
				2AFF76D5286C8B62005F88AF /* PublishPostViewController.swift in Sources */,
				2AFF76BA286C8A34005F88AF /* CameraViewController.swift in Sources */,
				2AFF76A3286C872C005F88AF /* HomeViewController.swift in Sources */,
				2AFF76C5286C8AAE005F88AF /* RegistrationViewController.swift in Sources */,
				2AFF76D3286C8B4C005F88AF /* PostEditorViewController.swift in Sources */,
				2AFF76C7286C8AC1005F88AF /* PostViewController.swift in Sources */,
				2AFF76BC286C8A47005F88AF /* NotificationsViewController.swift in Sources */,
				2AFF76D1286C8B25005F88AF /* SearchResultViewController.swift in Sources */,
				2AFF76C3286C8AA6005F88AF /* LoginViewController.swift in Sources */,
				2AFF76CF286C8B18005F88AF /* SearchViewController.swift in Sources */,
				2AFF76BE286C8A53005F88AF /* ProfileViewController.swift in Sources */,
				2AFF769F286C872C005F88AF /* AppDelegate.swift in Sources */,
				2AFF76A1286C872C005F88AF /* SceneDelegate.swift in Sources */,
				2AFF76CD286C8B01005F88AF /* ListViewController.swift in Sources */,
				2AFF76CB286C8AF7005F88AF /* SettingsViewController.swift in Sources */,
			);
			runOnlyForDeploymentPostprocessing = 0;
		};
/* End PBXSourcesBuildPhase section */

/* Begin PBXVariantGroup section */
		2AFF76A4286C872C005F88AF /* Main.storyboard */ = {
			isa = PBXVariantGroup;
			children = (
				2AFF76A5286C872C005F88AF /* Base */,
			);
			name = Main.storyboard;
			sourceTree = "<group>";
		};
		2AFF76A9286C872D005F88AF /* LaunchScreen.storyboard */ = {
			isa = PBXVariantGroup;
			children = (
				2AFF76AA286C872D005F88AF /* Base */,
			);
			name = LaunchScreen.storyboard;
			sourceTree = "<group>";
		};
/* End PBXVariantGroup section */

/* Begin XCBuildConfiguration section */
		2AFF76AD286C872D005F88AF /* Debug */ = {
			isa = XCBuildConfiguration;
			buildSettings = {
				ALWAYS_SEARCH_USER_PATHS = NO;
				CLANG_ANALYZER_NONNULL = YES;
				CLANG_ANALYZER_NUMBER_OBJECT_CONVERSION = YES_AGGRESSIVE;
				CLANG_CXX_LANGUAGE_STANDARD = "gnu++17";
				CLANG_ENABLE_MODULES = YES;
				CLANG_ENABLE_OBJC_ARC = YES;
				CLANG_ENABLE_OBJC_WEAK = YES;
				CLANG_WARN_BLOCK_CAPTURE_AUTORELEASING = YES;
				CLANG_WARN_BOOL_CONVERSION = YES;
				CLANG_WARN_COMMA = YES;
				CLANG_WARN_CONSTANT_CONVERSION = YES;
				CLANG_WARN_DEPRECATED_OBJC_IMPLEMENTATIONS = YES;
				CLANG_WARN_DIRECT_OBJC_ISA_USAGE = YES_ERROR;
				CLANG_WARN_DOCUMENTATION_COMMENTS = YES;
				CLANG_WARN_EMPTY_BODY = YES;
				CLANG_WARN_ENUM_CONVERSION = YES;
				CLANG_WARN_INFINITE_RECURSION = YES;
				CLANG_WARN_INT_CONVERSION = YES;
				CLANG_WARN_NON_LITERAL_NULL_CONVERSION = YES;
				CLANG_WARN_OBJC_IMPLICIT_RETAIN_SELF = YES;
				CLANG_WARN_OBJC_LITERAL_CONVERSION = YES;
				CLANG_WARN_OBJC_ROOT_CLASS = YES_ERROR;
				CLANG_WARN_QUOTED_INCLUDE_IN_FRAMEWORK_HEADER = YES;
				CLANG_WARN_RANGE_LOOP_ANALYSIS = YES;
				CLANG_WARN_STRICT_PROTOTYPES = YES;
				CLANG_WARN_SUSPICIOUS_MOVE = YES;
				CLANG_WARN_UNGUARDED_AVAILABILITY = YES_AGGRESSIVE;
				CLANG_WARN_UNREACHABLE_CODE = YES;
				CLANG_WARN__DUPLICATE_METHOD_MATCH = YES;
				COPY_PHASE_STRIP = NO;
				DEBUG_INFORMATION_FORMAT = dwarf;
				ENABLE_STRICT_OBJC_MSGSEND = YES;
				ENABLE_TESTABILITY = YES;
				GCC_C_LANGUAGE_STANDARD = gnu11;
				GCC_DYNAMIC_NO_PIC = NO;
				GCC_NO_COMMON_BLOCKS = YES;
				GCC_OPTIMIZATION_LEVEL = 0;
				GCC_PREPROCESSOR_DEFINITIONS = (
					"DEBUG=1",
					"$(inherited)",
				);
				GCC_WARN_64_TO_32_BIT_CONVERSION = YES;
				GCC_WARN_ABOUT_RETURN_TYPE = YES_ERROR;
				GCC_WARN_UNDECLARED_SELECTOR = YES;
				GCC_WARN_UNINITIALIZED_AUTOS = YES_AGGRESSIVE;
				GCC_WARN_UNUSED_FUNCTION = YES;
				GCC_WARN_UNUSED_VARIABLE = YES;
				IPHONEOS_DEPLOYMENT_TARGET = 15.5;
				MTL_ENABLE_DEBUG_INFO = INCLUDE_SOURCE;
				MTL_FAST_MATH = YES;
				ONLY_ACTIVE_ARCH = YES;
				SDKROOT = iphoneos;
				SWIFT_ACTIVE_COMPILATION_CONDITIONS = DEBUG;
				SWIFT_OPTIMIZATION_LEVEL = "-Onone";
			};
			name = Debug;
		};
		2AFF76AE286C872D005F88AF /* Release */ = {
			isa = XCBuildConfiguration;
			buildSettings = {
				ALWAYS_SEARCH_USER_PATHS = NO;
				CLANG_ANALYZER_NONNULL = YES;
				CLANG_ANALYZER_NUMBER_OBJECT_CONVERSION = YES_AGGRESSIVE;
				CLANG_CXX_LANGUAGE_STANDARD = "gnu++17";
				CLANG_ENABLE_MODULES = YES;
				CLANG_ENABLE_OBJC_ARC = YES;
				CLANG_ENABLE_OBJC_WEAK = YES;
				CLANG_WARN_BLOCK_CAPTURE_AUTORELEASING = YES;
				CLANG_WARN_BOOL_CONVERSION = YES;
				CLANG_WARN_COMMA = YES;
				CLANG_WARN_CONSTANT_CONVERSION = YES;
				CLANG_WARN_DEPRECATED_OBJC_IMPLEMENTATIONS = YES;
				CLANG_WARN_DIRECT_OBJC_ISA_USAGE = YES_ERROR;
				CLANG_WARN_DOCUMENTATION_COMMENTS = YES;
				CLANG_WARN_EMPTY_BODY = YES;
				CLANG_WARN_ENUM_CONVERSION = YES;
				CLANG_WARN_INFINITE_RECURSION = YES;
				CLANG_WARN_INT_CONVERSION = YES;
				CLANG_WARN_NON_LITERAL_NULL_CONVERSION = YES;
				CLANG_WARN_OBJC_IMPLICIT_RETAIN_SELF = YES;
				CLANG_WARN_OBJC_LITERAL_CONVERSION = YES;
				CLANG_WARN_OBJC_ROOT_CLASS = YES_ERROR;
				CLANG_WARN_QUOTED_INCLUDE_IN_FRAMEWORK_HEADER = YES;
				CLANG_WARN_RANGE_LOOP_ANALYSIS = YES;
				CLANG_WARN_STRICT_PROTOTYPES = YES;
				CLANG_WARN_SUSPICIOUS_MOVE = YES;
				CLANG_WARN_UNGUARDED_AVAILABILITY = YES_AGGRESSIVE;
				CLANG_WARN_UNREACHABLE_CODE = YES;
				CLANG_WARN__DUPLICATE_METHOD_MATCH = YES;
				COPY_PHASE_STRIP = NO;
				DEBUG_INFORMATION_FORMAT = "dwarf-with-dsym";
				ENABLE_NS_ASSERTIONS = NO;
				ENABLE_STRICT_OBJC_MSGSEND = YES;
				GCC_C_LANGUAGE_STANDARD = gnu11;
				GCC_NO_COMMON_BLOCKS = YES;
				GCC_WARN_64_TO_32_BIT_CONVERSION = YES;
				GCC_WARN_ABOUT_RETURN_TYPE = YES_ERROR;
				GCC_WARN_UNDECLARED_SELECTOR = YES;
				GCC_WARN_UNINITIALIZED_AUTOS = YES_AGGRESSIVE;
				GCC_WARN_UNUSED_FUNCTION = YES;
				GCC_WARN_UNUSED_VARIABLE = YES;
				IPHONEOS_DEPLOYMENT_TARGET = 15.5;
				MTL_ENABLE_DEBUG_INFO = NO;
				MTL_FAST_MATH = YES;
				SDKROOT = iphoneos;
				SWIFT_COMPILATION_MODE = wholemodule;
				SWIFT_OPTIMIZATION_LEVEL = "-O";
				VALIDATE_PRODUCT = YES;
			};
			name = Release;
		};
		2AFF76B0286C872D005F88AF /* Debug */ = {
			isa = XCBuildConfiguration;
			baseConfigurationReference = 3F8A8D215A84B831914725FE /* Pods-InstagramClone.debug.xcconfig */;
			buildSettings = {
				ASSETCATALOG_COMPILER_APPICON_NAME = AppIcon;
				ASSETCATALOG_COMPILER_GLOBAL_ACCENT_COLOR_NAME = AccentColor;
				CODE_SIGN_STYLE = Automatic;
				CURRENT_PROJECT_VERSION = 1;
				DEVELOPMENT_TEAM = YT4PWFD9G5;
				GENERATE_INFOPLIST_FILE = YES;
				INFOPLIST_FILE = InstagramClone/Info.plist;
				INFOPLIST_KEY_UIApplicationSupportsIndirectInputEvents = YES;
				INFOPLIST_KEY_UILaunchStoryboardName = LaunchScreen;
				INFOPLIST_KEY_UIMainStoryboardFile = Main;
				INFOPLIST_KEY_UISupportedInterfaceOrientations_iPad = "UIInterfaceOrientationPortrait UIInterfaceOrientationPortraitUpsideDown UIInterfaceOrientationLandscapeLeft UIInterfaceOrientationLandscapeRight";
				INFOPLIST_KEY_UISupportedInterfaceOrientations_iPhone = "UIInterfaceOrientationPortrait UIInterfaceOrientationLandscapeLeft UIInterfaceOrientationLandscapeRight";
				LD_RUNPATH_SEARCH_PATHS = (
					"$(inherited)",
					"@executable_path/Frameworks",
				);
				MARKETING_VERSION = 1.0;
				PRODUCT_BUNDLE_IDENTIFIER = Dean.Thompson.InstagramClone;
				PRODUCT_NAME = "$(TARGET_NAME)";
				SWIFT_EMIT_LOC_STRINGS = YES;
				SWIFT_VERSION = 5.0;
				TARGETED_DEVICE_FAMILY = "1,2";
			};
			name = Debug;
		};
		2AFF76B1286C872D005F88AF /* Release */ = {
			isa = XCBuildConfiguration;
			baseConfigurationReference = A330FBAB59DE441D3DEE867E /* Pods-InstagramClone.release.xcconfig */;
			buildSettings = {
				ASSETCATALOG_COMPILER_APPICON_NAME = AppIcon;
				ASSETCATALOG_COMPILER_GLOBAL_ACCENT_COLOR_NAME = AccentColor;
				CODE_SIGN_STYLE = Automatic;
				CURRENT_PROJECT_VERSION = 1;
				DEVELOPMENT_TEAM = YT4PWFD9G5;
				GENERATE_INFOPLIST_FILE = YES;
				INFOPLIST_FILE = InstagramClone/Info.plist;
				INFOPLIST_KEY_UIApplicationSupportsIndirectInputEvents = YES;
				INFOPLIST_KEY_UILaunchStoryboardName = LaunchScreen;
				INFOPLIST_KEY_UIMainStoryboardFile = Main;
				INFOPLIST_KEY_UISupportedInterfaceOrientations_iPad = "UIInterfaceOrientationPortrait UIInterfaceOrientationPortraitUpsideDown UIInterfaceOrientationLandscapeLeft UIInterfaceOrientationLandscapeRight";
				INFOPLIST_KEY_UISupportedInterfaceOrientations_iPhone = "UIInterfaceOrientationPortrait UIInterfaceOrientationLandscapeLeft UIInterfaceOrientationLandscapeRight";
				LD_RUNPATH_SEARCH_PATHS = (
					"$(inherited)",
					"@executable_path/Frameworks",
				);
				MARKETING_VERSION = 1.0;
				PRODUCT_BUNDLE_IDENTIFIER = Dean.Thompson.InstagramClone;
				PRODUCT_NAME = "$(TARGET_NAME)";
				SWIFT_EMIT_LOC_STRINGS = YES;
				SWIFT_VERSION = 5.0;
				TARGETED_DEVICE_FAMILY = "1,2";
			};
			name = Release;
		};
/* End XCBuildConfiguration section */

/* Begin XCConfigurationList section */
		2AFF7696286C872C005F88AF /* Build configuration list for PBXProject "InstagramClone" */ = {
			isa = XCConfigurationList;
			buildConfigurations = (
				2AFF76AD286C872D005F88AF /* Debug */,
				2AFF76AE286C872D005F88AF /* Release */,
			);
			defaultConfigurationIsVisible = 0;
			defaultConfigurationName = Release;
		};
		2AFF76AF286C872D005F88AF /* Build configuration list for PBXNativeTarget "InstagramClone" */ = {
			isa = XCConfigurationList;
			buildConfigurations = (
				2AFF76B0286C872D005F88AF /* Debug */,
				2AFF76B1286C872D005F88AF /* Release */,
			);
			defaultConfigurationIsVisible = 0;
			defaultConfigurationName = Release;
		};
/* End XCConfigurationList section */
	};
	rootObject = 2AFF7693286C872C005F88AF /* Project object */;
}
